
Microsoft Visual Studio Solution File, Format Version 12.00
# Visual Studio 14
VisualStudioVersion = 14.0.23107.0
MinimumVisualStudioVersion = 10.0.40219.1
Project("{FAE04EC0-301F-11D3-BF4B-00C04F79EFBC}") = "Test001", "Test001\Test001.csproj", "{3E5CACD2-709D-46FE-A2E8-0E94EBF923C8}"
EndProject
Project("{FAE04EC0-301F-11D3-BF4B-00C04F79EFBC}") = "Dev_Test001", "DXApplication1\Dev_Test001\Dev_Test001.csproj", "{C8CAA506-26E0-4421-8669-6AF3CEA89D43}"
EndProject
Project("{FAE04EC0-301F-11D3-BF4B-00C04F79EFBC}") = "MessageFormBuild", "MessageFormBuild\MessageFormBuild.csproj", "{67E179FD-05EA-4457-87EC-D0B8F9B1882E}"
EndProject
Project("{FAE04EC0-301F-11D3-BF4B-00C04F79EFBC}") = "DEVTEST1", "DXApplication1\DEVTEST1\DEVTEST1.csproj", "{6F5D13E3-7548-4350-971D-833E01554E59}"
EndProject
Project("{FAE04EC0-301F-11D3-BF4B-00C04F79EFBC}") = "DXApplication1", "DXApplication1\DXApplication1\DXApplication1.csproj", "{4B5C0F7E-58B6-4A9B-B8F4-F0F54C12DE46}"
EndProject
Project("{FAE04EC0-301F-11D3-BF4B-00C04F79EFBC}") = "DBTools", "DBTools\DBTools.csproj", "{5CDEB376-AB1B-4264-9966-4F88331F9494}"
EndProject
Project("{FAE04EC0-301F-11D3-BF4B-00C04F79EFBC}") = "SHow", "SHow\SHow.csproj", "{698D0F61-ECF3-40AE-9E95-A0CFF3766538}"
EndProject
Project("{FAE04EC0-301F-11D3-BF4B-00C04F79EFBC}") = "ConsoleApplication1", "ConsoleApplication1\ConsoleApplication1.csproj", "{3488E38D-58E3-49B1-9637-5C304C9C33C0}"
EndProject
Project("{FAE04EC0-301F-11D3-BF4B-00C04F79EFBC}") = "ClientLinkSever", "ClientLinkSever\ClientLinkSever.csproj", "{895A321B-B5BC-4DFC-A9A5-6C035DF0FC02}"
EndProject
Project("{FAE04EC0-301F-11D3-BF4B-00C04F79EFBC}") = "TestWPF001", "TestWPF001\TestWPF001.csproj", "{97D91B13-8CE3-4C5B-A04E-AEABB2162716}"
EndProject
Project("{FAE04EC0-301F-11D3-BF4B-00C04F79EFBC}") = "TestDaHua", "TestDaHua\TestDaHua.csproj", "{5C100820-2DEC-4EC7-8D0F-5D600E335958}"
EndProject
Project("{FAE04EC0-301F-11D3-BF4B-00C04F79EFBC}") = "TestRuiTe", "TestRuiTe\TestRuiTe.csproj", "{9787FC64-62C5-4AFC-B8E8-34A90287F479}"
EndProject
Project("{FAE04EC0-301F-11D3-BF4B-00C04F79EFBC}") = "DataGridView特殊列", "DataGridView特殊列\DataGridView特殊列.csproj", "{05F26E96-F8AA-4847-8169-2F8890E2E017}"
EndProject
Project("{FAE04EC0-301F-11D3-BF4B-00C04F79EFBC}") = "大华测试项目", "大华测试项目\大华测试项目.csproj", "{3DCB6131-A987-4C1A-8E32-A3F46386F17D}"
EndProject
Project("{FAE04EC0-301F-11D3-BF4B-00C04F79EFBC}") = "测试active", "测试active\测试active.csproj", "{56A00EA5-58C1-4B14-911A-269204F6C6D3}"
EndProject
Project("{FAE04EC0-301F-11D3-BF4B-00C04F79EFBC}") = "最小化到托盘以及系统重新开启", "最小化到托盘\最小化到托盘以及系统重新开启.csproj", "{C06AA64D-1B8C-4E58-B336-A976B0D22444}"
EndProject
Project("{FAE04EC0-301F-11D3-BF4B-00C04F79EFBC}") = "深入理解事件与委托", "深入理解事件与委托\深入理解事件与委托.csproj", "{33D574AB-82FA-4F1A-82BB-FAE37F2FFC98}"
EndProject
Project("{FAE04EC0-301F-11D3-BF4B-00C04F79EFBC}") = "程序单例运行与重新启动", "程序单例运行与重新启动\程序单例运行与重新启动.csproj", "{7156DD5E-16DD-47EE-90BC-2C4096BEDDAE}"
EndProject
Project("{FAE04EC0-301F-11D3-BF4B-00C04F79EFBC}") = "程序日志的使用", "程序日志的使用\程序日志的使用.csproj", "{76C83743-4878-45E2-A3B3-917797DEE629}"
EndProject
Project("{FAE04EC0-301F-11D3-BF4B-00C04F79EFBC}") = "菜单删除按钮", "DXApplication2\菜单删除按钮\菜单删除按钮.csproj", "{6CA4151B-861A-473B-A840-E272B259F7FB}"
EndProject
Project("{FAE04EC0-301F-11D3-BF4B-00C04F79EFBC}") = "Dev主题皮肤", "DXApplication2\Dev主题皮肤\Dev主题皮肤.csproj", "{A89BEEC8-F8D4-482B-A811-D264CADCCADB}"
EndProject
Project("{FAE04EC0-301F-11D3-BF4B-00C04F79EFBC}") = "内嵌浏览器设置", "内嵌浏览器设置\内嵌浏览器设置.csproj", "{918B1B86-E4F2-4C8D-9E71-4BD054656AAC}"
EndProject
Project("{FAE04EC0-301F-11D3-BF4B-00C04F79EFBC}") = "文件夹以及文件复制", "文件夹以及文件复制\文件夹以及文件复制.csproj", "{BA54F7F6-25B6-47D2-92F2-2C9665B97470}"
EndProject
Project("{FAE04EC0-301F-11D3-BF4B-00C04F79EFBC}") = "PostXml", "PostXml\PostXml.csproj", "{8A08E9E7-1A0C-4670-B8E1-F922E2852E47}"
EndProject
Project("{FAE04EC0-301F-11D3-BF4B-00C04F79EFBC}") = "text001", "text001\text001.csproj", "{D1069589-CFAB-46EE-B319-2D9A1F2F972D}"
EndProject
Project("{FAE04EC0-301F-11D3-BF4B-00C04F79EFBC}") = "设置本地系统时间", "设置本地系统时间\设置本地系统时间.csproj", "{55D244A6-CC97-40E9-9810-99EDC84D8737}"
EndProject
Project("{FAE04EC0-301F-11D3-BF4B-00C04F79EFBC}") = "对话框研究", "对话框研究\对话框研究.csproj", "{2D41EDE2-8C79-4E88-BD53-9F4491D25445}"
EndProject
Project("{FAE04EC0-301F-11D3-BF4B-00C04F79EFBC}") = "更新MySQL事务", "更新MySQL事务\更新MySQL事务.csproj", "{5FFB0DDA-D7C4-4271-8B2E-D8CAA201E591}"
EndProject
Project("{FAE04EC0-301F-11D3-BF4B-00C04F79EFBC}") = "MessageBox", "DXApplication2\DXApplication2\MessageBox.csproj", "{E92F3EE5-E2E2-40DF-88EF-98E221EE73A1}"
EndProject
Project("{FAE04EC0-301F-11D3-BF4B-00C04F79EFBC}") = "Unity框架", "Unity框架\Unity框架.csproj", "{DC7DD191-C8E0-4F73-8226-BAD8B7E4D647}"
EndProject
Project("{FAE04EC0-301F-11D3-BF4B-00C04F79EFBC}") = "AES加密", "AES加密\AES加密.csproj", "{3FADB583-9B2A-4FCF-9C18-D8AECF19A5DA}"
EndProject
Project("{FAE04EC0-301F-11D3-BF4B-00C04F79EFBC}") = "DaHuaPotXmlTest", "DaHuaPotXmlTest\DaHuaPotXmlTest.csproj", "{140BFEC0-51C9-42F8-B4B1-8EBEE12A55AE}"
EndProject
Project("{FAE04EC0-301F-11D3-BF4B-00C04F79EFBC}") = "程序调用另一个程序并且传入参数", "程序调用另一个程序并且传入参数\程序调用另一个程序并且传入参数.csproj", "{4B61FBBE-8171-464A-8F12-49FADE8473B8}"
EndProject
Project("{FAE04EC0-301F-11D3-BF4B-00C04F79EFBC}") = "程序调用另一个程序并传入参数——被调用程序", "程序调用另一个程序并传入参数——被调用程序\程序调用另一个程序并传入参数——被调用程序.csproj", "{EE646E46-CA6D-49EE-81D8-8D9899F611EF}"
EndProject
Project("{FAE04EC0-301F-11D3-BF4B-00C04F79EFBC}") = "Ini读写", "Ini读写\Ini读写.csproj", "{8B697367-9AC9-4D54-B21C-0F209091AE3F}"
EndProject
Project("{FAE04EC0-301F-11D3-BF4B-00C04F79EFBC}") = "WPF文本输入限制", "WPF文本输入限制\WPF文本输入限制.csproj", "{9BA790AC-C1CD-416B-96F3-F15F5E991391}"
EndProject
Project("{FAE04EC0-301F-11D3-BF4B-00C04F79EFBC}") = "WpfAppli", "WpfAppli\WpfAppli.csproj", "{9B656F53-A05A-481A-9380-0E7FEFE3CABA}"
EndProject
Project("{FAE04EC0-301F-11D3-BF4B-00C04F79EFBC}") = "Bitmap图片测试", "Bitmap图片测试\Bitmap图片测试.csproj", "{42F93390-C9C3-4C64-AB4A-3B0ECA3E3BF9}"
EndProject
Project("{FAE04EC0-301F-11D3-BF4B-00C04F79EFBC}") = "WindowsFormsApplication1", "WindowsFormsApplication1\WindowsFormsApplication1.csproj", "{A62365D2-A823-4286-94C0-EDDC2704E75C}"
EndProject
Project("{FAE04EC0-301F-11D3-BF4B-00C04F79EFBC}") = "多线程", "多线程\多线程.csproj", "{7F716F98-4626-4F90-B109-64C715C244F8}"
EndProject
Project("{FAE04EC0-301F-11D3-BF4B-00C04F79EFBC}") = "WPFBinding测试", "WPFBinding测试\WPFBinding测试.csproj", "{C00A2E93-08E2-4030-905E-2971D11E1436}"
EndProject
Project("{FAE04EC0-301F-11D3-BF4B-00C04F79EFBC}") = "获取本地磁盘信息", "获取本地磁盘信息\获取本地磁盘信息.csproj", "{ADDE11ED-9158-4C9D-A05D-A9AC48DF39DE}"
EndProject
Project("{FAE04EC0-301F-11D3-BF4B-00C04F79EFBC}") = "测试sender和e", "WpfApplication1\测试sender和e.csproj", "{5CCB39EC-E1B6-44E4-8EE2-AEC1B84EF51D}"
EndProject
Project("{FAE04EC0-301F-11D3-BF4B-00C04F79EFBC}") = "string转语音", "string转语音\string转语音.csproj", "{5E4F5EE2-7488-4324-8A89-C6500EBB7152}"
EndProject
Project("{FAE04EC0-301F-11D3-BF4B-00C04F79EFBC}") = "InputBox", "InputBox\InputBox.csproj", "{6D4EE3A2-F48A-4751-9CC6-F57D85D8E93F}"
EndProject
Project("{FAE04EC0-301F-11D3-BF4B-00C04F79EFBC}") = "InputBoxDemoWPF", "InputBoxDemoWPF\InputBoxDemoWPF.csproj", "{96496433-AA3E-441D-804F-C001C20C6915}"
EndProject
Project("{FAE04EC0-301F-11D3-BF4B-00C04F79EFBC}") = "Clone克隆", "Clone克隆\Clone克隆.csproj", "{111C34FF-CA11-435D-8952-237A9F43C771}"
EndProject
Project("{FAE04EC0-301F-11D3-BF4B-00C04F79EFBC}") = "WindowsFormsApplication2", "WindowsFormsApplication2\WindowsFormsApplication2.csproj", "{5476A051-1F04-47DE-917D-8636C2A2C8FE}"
EndProject
Project("{FAE04EC0-301F-11D3-BF4B-00C04F79EFBC}") = "WPF定时器DT", "WPF定时器DT\WPF定时器DT.csproj", "{796CFDA3-89E5-4282-9B2B-071766E9B538}"
EndProject
Project("{FAE04EC0-301F-11D3-BF4B-00C04F79EFBC}") = "StringtoSound", "StringtoSound\StringtoSound.csproj", "{527DC1DE-DA48-4FA0-85D9-C23E4DB49208}"
EndProject
Project("{FAE04EC0-301F-11D3-BF4B-00C04F79EFBC}") = "虚拟键盘", "虚拟键盘\虚拟键盘.csproj", "{72F5A241-905E-4F42-84C8-11B03B4B4A2F}"
EndProject
Project("{FAE04EC0-301F-11D3-BF4B-00C04F79EFBC}") = "SocketServer", "SocketServer\SocketServer.csproj", "{2FF73FC4-8D89-49C3-AC9B-D98EB1779F25}"
EndProject
Project("{FAE04EC0-301F-11D3-BF4B-00C04F79EFBC}") = "SocketDemo", "Socket\SocketDemo.csproj", "{C2B90F73-BFE6-4750-A5ED-A38483B921A8}"
EndProject
Project("{FAE04EC0-301F-11D3-BF4B-00C04F79EFBC}") = "PicTransform", "PicTransform\PicTransform.csproj", "{63D73415-4DC8-493C-A357-FF62F6107A08}"
EndProject
Project("{FAE04EC0-301F-11D3-BF4B-00C04F79EFBC}") = "Unity框架研究2017", "Unity框架研究2017\Unity框架研究2017.csproj", "{CD4914A5-CCEB-4F21-B779-E4A1D11409D7}"
EndProject
Project("{FAE04EC0-301F-11D3-BF4B-00C04F79EFBC}") = "WinForm透明界面", "WinForm透明界面\WinForm透明界面.csproj", "{CA166936-38B9-4573-8512-CD51863CC3DB}"
EndProject
Project("{FAE04EC0-301F-11D3-BF4B-00C04F79EFBC}") = "加载窗体Splash", "加载窗体Splash\加载窗体Splash.csproj", "{5BD769DA-11C9-45A1-93AF-DD2052BC831F}"
EndProject
Project("{FAE04EC0-301F-11D3-BF4B-00C04F79EFBC}") = "DXApplication3", "DXApplication3\DXApplication3\DXApplication3.csproj", "{729F32EB-C41B-4AAD-83A5-5B5837D70551}"
EndProject
Project("{FAE04EC0-301F-11D3-BF4B-00C04F79EFBC}") = "图片按比例压缩", "图片按比例压缩\图片按比例压缩.csproj", "{EE064EED-F041-4527-890B-CF90AA37825D}"
EndProject
Project("{FAE04EC0-301F-11D3-BF4B-00C04F79EFBC}") = "TabControl", "TabControl\TabControl.csproj", "{E3B74EE0-6B4C-4FD2-ADBD-9D7BAE19A2E7}"
EndProject
Project("{FAE04EC0-301F-11D3-BF4B-00C04F79EFBC}") = "XML转化", "XML转化\XML转化.csproj", "{D315944D-20F7-4FA6-830B-CCF12D95AD8C}"
EndProject
Project("{FAE04EC0-301F-11D3-BF4B-00C04F79EFBC}") = "ConsoleApplication2", "ConsoleApplication2\ConsoleApplication2.csproj", "{6C5FD07E-429E-42AC-A04C-FC7EDD4D9579}"
EndProject
Project("{FAE04EC0-301F-11D3-BF4B-00C04F79EFBC}") = "图片压缩", "图片压缩\图片压缩.csproj", "{58E6E1B9-C4C2-4A28-ACAB-F8ED80720128}"
EndProject
Project("{FAE04EC0-301F-11D3-BF4B-00C04F79EFBC}") = "WebSocket", "WebSocket\WebSocket.csproj", "{510EFFE9-CED7-43FA-889E-B2CE763D585C}"
EndProject
Project("{FAE04EC0-301F-11D3-BF4B-00C04F79EFBC}") = "WebSocketClient", "WebSocketClient\WebSocketClient.csproj", "{446F4916-40D0-45F8-B1FD-3F84A632C193}"
EndProject
Global
	GlobalSection(SolutionConfigurationPlatforms) = preSolution
		Debug|Any CPU = Debug|Any CPU
		Debug|x86 = Debug|x86
		Release|Any CPU = Release|Any CPU
		Release|x86 = Release|x86
	EndGlobalSection
	GlobalSection(ProjectConfigurationPlatforms) = postSolution
		{3E5CACD2-709D-46FE-A2E8-0E94EBF923C8}.Debug|Any CPU.ActiveCfg = Debug|Any CPU
		{3E5CACD2-709D-46FE-A2E8-0E94EBF923C8}.Debug|Any CPU.Build.0 = Debug|Any CPU
		{3E5CACD2-709D-46FE-A2E8-0E94EBF923C8}.Debug|x86.ActiveCfg = Debug|x86
		{3E5CACD2-709D-46FE-A2E8-0E94EBF923C8}.Debug|x86.Build.0 = Debug|x86
		{3E5CACD2-709D-46FE-A2E8-0E94EBF923C8}.Release|Any CPU.ActiveCfg = Release|Any CPU
		{3E5CACD2-709D-46FE-A2E8-0E94EBF923C8}.Release|Any CPU.Build.0 = Release|Any CPU
		{3E5CACD2-709D-46FE-A2E8-0E94EBF923C8}.Release|x86.ActiveCfg = Release|x86
		{3E5CACD2-709D-46FE-A2E8-0E94EBF923C8}.Release|x86.Build.0 = Release|x86
		{C8CAA506-26E0-4421-8669-6AF3CEA89D43}.Debug|Any CPU.ActiveCfg = Debug|Any CPU
		{C8CAA506-26E0-4421-8669-6AF3CEA89D43}.Debug|Any CPU.Build.0 = Debug|Any CPU
		{C8CAA506-26E0-4421-8669-6AF3CEA89D43}.Debug|x86.ActiveCfg = Debug|x86
		{C8CAA506-26E0-4421-8669-6AF3CEA89D43}.Debug|x86.Build.0 = Debug|x86
		{C8CAA506-26E0-4421-8669-6AF3CEA89D43}.Release|Any CPU.ActiveCfg = Release|Any CPU
		{C8CAA506-26E0-4421-8669-6AF3CEA89D43}.Release|Any CPU.Build.0 = Release|Any CPU
		{C8CAA506-26E0-4421-8669-6AF3CEA89D43}.Release|x86.ActiveCfg = Release|x86
		{C8CAA506-26E0-4421-8669-6AF3CEA89D43}.Release|x86.Build.0 = Release|x86
		{67E179FD-05EA-4457-87EC-D0B8F9B1882E}.Debug|Any CPU.ActiveCfg = Debug|Any CPU
		{67E179FD-05EA-4457-87EC-D0B8F9B1882E}.Debug|Any CPU.Build.0 = Debug|Any CPU
		{67E179FD-05EA-4457-87EC-D0B8F9B1882E}.Debug|x86.ActiveCfg = Debug|x86
		{67E179FD-05EA-4457-87EC-D0B8F9B1882E}.Debug|x86.Build.0 = Debug|x86
		{67E179FD-05EA-4457-87EC-D0B8F9B1882E}.Release|Any CPU.ActiveCfg = Release|Any CPU
		{67E179FD-05EA-4457-87EC-D0B8F9B1882E}.Release|Any CPU.Build.0 = Release|Any CPU
		{67E179FD-05EA-4457-87EC-D0B8F9B1882E}.Release|x86.ActiveCfg = Release|x86
		{67E179FD-05EA-4457-87EC-D0B8F9B1882E}.Release|x86.Build.0 = Release|x86
		{6F5D13E3-7548-4350-971D-833E01554E59}.Debug|Any CPU.ActiveCfg = Debug|Any CPU
		{6F5D13E3-7548-4350-971D-833E01554E59}.Debug|Any CPU.Build.0 = Debug|Any CPU
		{6F5D13E3-7548-4350-971D-833E01554E59}.Debug|x86.ActiveCfg = Debug|x86
		{6F5D13E3-7548-4350-971D-833E01554E59}.Debug|x86.Build.0 = Debug|x86
		{6F5D13E3-7548-4350-971D-833E01554E59}.Release|Any CPU.ActiveCfg = Release|Any CPU
		{6F5D13E3-7548-4350-971D-833E01554E59}.Release|Any CPU.Build.0 = Release|Any CPU
		{6F5D13E3-7548-4350-971D-833E01554E59}.Release|x86.ActiveCfg = Release|x86
		{6F5D13E3-7548-4350-971D-833E01554E59}.Release|x86.Build.0 = Release|x86
		{4B5C0F7E-58B6-4A9B-B8F4-F0F54C12DE46}.Debug|Any CPU.ActiveCfg = Debug|Any CPU
		{4B5C0F7E-58B6-4A9B-B8F4-F0F54C12DE46}.Debug|Any CPU.Build.0 = Debug|Any CPU
		{4B5C0F7E-58B6-4A9B-B8F4-F0F54C12DE46}.Debug|x86.ActiveCfg = Debug|x86
		{4B5C0F7E-58B6-4A9B-B8F4-F0F54C12DE46}.Debug|x86.Build.0 = Debug|x86
		{4B5C0F7E-58B6-4A9B-B8F4-F0F54C12DE46}.Release|Any CPU.ActiveCfg = Release|Any CPU
		{4B5C0F7E-58B6-4A9B-B8F4-F0F54C12DE46}.Release|Any CPU.Build.0 = Release|Any CPU
		{4B5C0F7E-58B6-4A9B-B8F4-F0F54C12DE46}.Release|x86.ActiveCfg = Release|x86
		{4B5C0F7E-58B6-4A9B-B8F4-F0F54C12DE46}.Release|x86.Build.0 = Release|x86
		{5CDEB376-AB1B-4264-9966-4F88331F9494}.Debug|Any CPU.ActiveCfg = Debug|Any CPU
		{5CDEB376-AB1B-4264-9966-4F88331F9494}.Debug|Any CPU.Build.0 = Debug|Any CPU
		{5CDEB376-AB1B-4264-9966-4F88331F9494}.Debug|x86.ActiveCfg = Debug|x86
		{5CDEB376-AB1B-4264-9966-4F88331F9494}.Debug|x86.Build.0 = Debug|x86
		{5CDEB376-AB1B-4264-9966-4F88331F9494}.Release|Any CPU.ActiveCfg = Release|Any CPU
		{5CDEB376-AB1B-4264-9966-4F88331F9494}.Release|Any CPU.Build.0 = Release|Any CPU
		{5CDEB376-AB1B-4264-9966-4F88331F9494}.Release|x86.ActiveCfg = Release|x86
		{5CDEB376-AB1B-4264-9966-4F88331F9494}.Release|x86.Build.0 = Release|x86
		{698D0F61-ECF3-40AE-9E95-A0CFF3766538}.Debug|Any CPU.ActiveCfg = Debug|Any CPU
		{698D0F61-ECF3-40AE-9E95-A0CFF3766538}.Debug|Any CPU.Build.0 = Debug|Any CPU
		{698D0F61-ECF3-40AE-9E95-A0CFF3766538}.Debug|x86.ActiveCfg = Debug|x86
		{698D0F61-ECF3-40AE-9E95-A0CFF3766538}.Debug|x86.Build.0 = Debug|x86
		{698D0F61-ECF3-40AE-9E95-A0CFF3766538}.Release|Any CPU.ActiveCfg = Release|Any CPU
		{698D0F61-ECF3-40AE-9E95-A0CFF3766538}.Release|Any CPU.Build.0 = Release|Any CPU
		{698D0F61-ECF3-40AE-9E95-A0CFF3766538}.Release|x86.ActiveCfg = Release|x86
		{698D0F61-ECF3-40AE-9E95-A0CFF3766538}.Release|x86.Build.0 = Release|x86
		{3488E38D-58E3-49B1-9637-5C304C9C33C0}.Debug|Any CPU.ActiveCfg = Debug|Any CPU
		{3488E38D-58E3-49B1-9637-5C304C9C33C0}.Debug|Any CPU.Build.0 = Debug|Any CPU
		{3488E38D-58E3-49B1-9637-5C304C9C33C0}.Debug|x86.ActiveCfg = Debug|x86
		{3488E38D-58E3-49B1-9637-5C304C9C33C0}.Debug|x86.Build.0 = Debug|x86
		{3488E38D-58E3-49B1-9637-5C304C9C33C0}.Release|Any CPU.ActiveCfg = Release|Any CPU
		{3488E38D-58E3-49B1-9637-5C304C9C33C0}.Release|Any CPU.Build.0 = Release|Any CPU
		{3488E38D-58E3-49B1-9637-5C304C9C33C0}.Release|x86.ActiveCfg = Release|x86
		{3488E38D-58E3-49B1-9637-5C304C9C33C0}.Release|x86.Build.0 = Release|x86
		{895A321B-B5BC-4DFC-A9A5-6C035DF0FC02}.Debug|Any CPU.ActiveCfg = Debug|Any CPU
		{895A321B-B5BC-4DFC-A9A5-6C035DF0FC02}.Debug|Any CPU.Build.0 = Debug|Any CPU
		{895A321B-B5BC-4DFC-A9A5-6C035DF0FC02}.Debug|x86.ActiveCfg = Debug|x86
		{895A321B-B5BC-4DFC-A9A5-6C035DF0FC02}.Debug|x86.Build.0 = Debug|x86
		{895A321B-B5BC-4DFC-A9A5-6C035DF0FC02}.Release|Any CPU.ActiveCfg = Release|Any CPU
		{895A321B-B5BC-4DFC-A9A5-6C035DF0FC02}.Release|Any CPU.Build.0 = Release|Any CPU
		{895A321B-B5BC-4DFC-A9A5-6C035DF0FC02}.Release|x86.ActiveCfg = Release|x86
		{895A321B-B5BC-4DFC-A9A5-6C035DF0FC02}.Release|x86.Build.0 = Release|x86
		{97D91B13-8CE3-4C5B-A04E-AEABB2162716}.Debug|Any CPU.ActiveCfg = Debug|Any CPU
		{97D91B13-8CE3-4C5B-A04E-AEABB2162716}.Debug|Any CPU.Build.0 = Debug|Any CPU
		{97D91B13-8CE3-4C5B-A04E-AEABB2162716}.Debug|x86.ActiveCfg = Debug|x86
		{97D91B13-8CE3-4C5B-A04E-AEABB2162716}.Debug|x86.Build.0 = Debug|x86
		{97D91B13-8CE3-4C5B-A04E-AEABB2162716}.Release|Any CPU.ActiveCfg = Release|Any CPU
		{97D91B13-8CE3-4C5B-A04E-AEABB2162716}.Release|Any CPU.Build.0 = Release|Any CPU
		{97D91B13-8CE3-4C5B-A04E-AEABB2162716}.Release|x86.ActiveCfg = Release|x86
		{97D91B13-8CE3-4C5B-A04E-AEABB2162716}.Release|x86.Build.0 = Release|x86
		{5C100820-2DEC-4EC7-8D0F-5D600E335958}.Debug|Any CPU.ActiveCfg = Debug|Any CPU
		{5C100820-2DEC-4EC7-8D0F-5D600E335958}.Debug|Any CPU.Build.0 = Debug|Any CPU
		{5C100820-2DEC-4EC7-8D0F-5D600E335958}.Debug|x86.ActiveCfg = Debug|x86
		{5C100820-2DEC-4EC7-8D0F-5D600E335958}.Debug|x86.Build.0 = Debug|x86
		{5C100820-2DEC-4EC7-8D0F-5D600E335958}.Release|Any CPU.ActiveCfg = Release|Any CPU
		{5C100820-2DEC-4EC7-8D0F-5D600E335958}.Release|Any CPU.Build.0 = Release|Any CPU
		{5C100820-2DEC-4EC7-8D0F-5D600E335958}.Release|x86.ActiveCfg = Release|x86
		{5C100820-2DEC-4EC7-8D0F-5D600E335958}.Release|x86.Build.0 = Release|x86
		{9787FC64-62C5-4AFC-B8E8-34A90287F479}.Debug|Any CPU.ActiveCfg = Debug|Any CPU
		{9787FC64-62C5-4AFC-B8E8-34A90287F479}.Debug|Any CPU.Build.0 = Debug|Any CPU
		{9787FC64-62C5-4AFC-B8E8-34A90287F479}.Debug|x86.ActiveCfg = Debug|Any CPU
		{9787FC64-62C5-4AFC-B8E8-34A90287F479}.Debug|x86.Build.0 = Debug|Any CPU
		{9787FC64-62C5-4AFC-B8E8-34A90287F479}.Release|Any CPU.ActiveCfg = Release|Any CPU
		{9787FC64-62C5-4AFC-B8E8-34A90287F479}.Release|Any CPU.Build.0 = Release|Any CPU
		{9787FC64-62C5-4AFC-B8E8-34A90287F479}.Release|x86.ActiveCfg = Release|Any CPU
		{9787FC64-62C5-4AFC-B8E8-34A90287F479}.Release|x86.Build.0 = Release|Any CPU
		{05F26E96-F8AA-4847-8169-2F8890E2E017}.Debug|Any CPU.ActiveCfg = Debug|Any CPU
		{05F26E96-F8AA-4847-8169-2F8890E2E017}.Debug|Any CPU.Build.0 = Debug|Any CPU
		{05F26E96-F8AA-4847-8169-2F8890E2E017}.Debug|x86.ActiveCfg = Debug|Any CPU
		{05F26E96-F8AA-4847-8169-2F8890E2E017}.Debug|x86.Build.0 = Debug|Any CPU
		{05F26E96-F8AA-4847-8169-2F8890E2E017}.Release|Any CPU.ActiveCfg = Release|Any CPU
		{05F26E96-F8AA-4847-8169-2F8890E2E017}.Release|Any CPU.Build.0 = Release|Any CPU
		{05F26E96-F8AA-4847-8169-2F8890E2E017}.Release|x86.ActiveCfg = Release|Any CPU
		{05F26E96-F8AA-4847-8169-2F8890E2E017}.Release|x86.Build.0 = Release|Any CPU
		{3DCB6131-A987-4C1A-8E32-A3F46386F17D}.Debug|Any CPU.ActiveCfg = Debug|Any CPU
		{3DCB6131-A987-4C1A-8E32-A3F46386F17D}.Debug|Any CPU.Build.0 = Debug|Any CPU
		{3DCB6131-A987-4C1A-8E32-A3F46386F17D}.Debug|x86.ActiveCfg = Debug|Any CPU
		{3DCB6131-A987-4C1A-8E32-A3F46386F17D}.Debug|x86.Build.0 = Debug|Any CPU
		{3DCB6131-A987-4C1A-8E32-A3F46386F17D}.Release|Any CPU.ActiveCfg = Release|Any CPU
		{3DCB6131-A987-4C1A-8E32-A3F46386F17D}.Release|Any CPU.Build.0 = Release|Any CPU
		{3DCB6131-A987-4C1A-8E32-A3F46386F17D}.Release|x86.ActiveCfg = Release|Any CPU
		{3DCB6131-A987-4C1A-8E32-A3F46386F17D}.Release|x86.Build.0 = Release|Any CPU
		{56A00EA5-58C1-4B14-911A-269204F6C6D3}.Debug|Any CPU.ActiveCfg = Debug|Any CPU
		{56A00EA5-58C1-4B14-911A-269204F6C6D3}.Debug|Any CPU.Build.0 = Debug|Any CPU
		{56A00EA5-58C1-4B14-911A-269204F6C6D3}.Debug|x86.ActiveCfg = Debug|Any CPU
		{56A00EA5-58C1-4B14-911A-269204F6C6D3}.Debug|x86.Build.0 = Debug|Any CPU
		{56A00EA5-58C1-4B14-911A-269204F6C6D3}.Release|Any CPU.ActiveCfg = Release|Any CPU
		{56A00EA5-58C1-4B14-911A-269204F6C6D3}.Release|Any CPU.Build.0 = Release|Any CPU
		{56A00EA5-58C1-4B14-911A-269204F6C6D3}.Release|x86.ActiveCfg = Release|Any CPU
		{56A00EA5-58C1-4B14-911A-269204F6C6D3}.Release|x86.Build.0 = Release|Any CPU
		{C06AA64D-1B8C-4E58-B336-A976B0D22444}.Debug|Any CPU.ActiveCfg = Debug|Any CPU
		{C06AA64D-1B8C-4E58-B336-A976B0D22444}.Debug|Any CPU.Build.0 = Debug|Any CPU
		{C06AA64D-1B8C-4E58-B336-A976B0D22444}.Debug|x86.ActiveCfg = Debug|Any CPU
		{C06AA64D-1B8C-4E58-B336-A976B0D22444}.Debug|x86.Build.0 = Debug|Any CPU
		{C06AA64D-1B8C-4E58-B336-A976B0D22444}.Release|Any CPU.ActiveCfg = Release|Any CPU
		{C06AA64D-1B8C-4E58-B336-A976B0D22444}.Release|Any CPU.Build.0 = Release|Any CPU
		{C06AA64D-1B8C-4E58-B336-A976B0D22444}.Release|x86.ActiveCfg = Release|Any CPU
		{C06AA64D-1B8C-4E58-B336-A976B0D22444}.Release|x86.Build.0 = Release|Any CPU
		{33D574AB-82FA-4F1A-82BB-FAE37F2FFC98}.Debug|Any CPU.ActiveCfg = Debug|Any CPU
		{33D574AB-82FA-4F1A-82BB-FAE37F2FFC98}.Debug|Any CPU.Build.0 = Debug|Any CPU
		{33D574AB-82FA-4F1A-82BB-FAE37F2FFC98}.Debug|x86.ActiveCfg = Debug|Any CPU
		{33D574AB-82FA-4F1A-82BB-FAE37F2FFC98}.Debug|x86.Build.0 = Debug|Any CPU
		{33D574AB-82FA-4F1A-82BB-FAE37F2FFC98}.Release|Any CPU.ActiveCfg = Release|Any CPU
		{33D574AB-82FA-4F1A-82BB-FAE37F2FFC98}.Release|Any CPU.Build.0 = Release|Any CPU
		{33D574AB-82FA-4F1A-82BB-FAE37F2FFC98}.Release|x86.ActiveCfg = Release|Any CPU
		{33D574AB-82FA-4F1A-82BB-FAE37F2FFC98}.Release|x86.Build.0 = Release|Any CPU
		{7156DD5E-16DD-47EE-90BC-2C4096BEDDAE}.Debug|Any CPU.ActiveCfg = Debug|Any CPU
		{7156DD5E-16DD-47EE-90BC-2C4096BEDDAE}.Debug|Any CPU.Build.0 = Debug|Any CPU
		{7156DD5E-16DD-47EE-90BC-2C4096BEDDAE}.Debug|x86.ActiveCfg = Debug|Any CPU
		{7156DD5E-16DD-47EE-90BC-2C4096BEDDAE}.Debug|x86.Build.0 = Debug|Any CPU
		{7156DD5E-16DD-47EE-90BC-2C4096BEDDAE}.Release|Any CPU.ActiveCfg = Release|Any CPU
		{7156DD5E-16DD-47EE-90BC-2C4096BEDDAE}.Release|Any CPU.Build.0 = Release|Any CPU
		{7156DD5E-16DD-47EE-90BC-2C4096BEDDAE}.Release|x86.ActiveCfg = Release|Any CPU
		{7156DD5E-16DD-47EE-90BC-2C4096BEDDAE}.Release|x86.Build.0 = Release|Any CPU
		{76C83743-4878-45E2-A3B3-917797DEE629}.Debug|Any CPU.ActiveCfg = Debug|Any CPU
		{76C83743-4878-45E2-A3B3-917797DEE629}.Debug|Any CPU.Build.0 = Debug|Any CPU
		{76C83743-4878-45E2-A3B3-917797DEE629}.Debug|x86.ActiveCfg = Debug|Any CPU
		{76C83743-4878-45E2-A3B3-917797DEE629}.Debug|x86.Build.0 = Debug|Any CPU
		{76C83743-4878-45E2-A3B3-917797DEE629}.Release|Any CPU.ActiveCfg = Release|Any CPU
		{76C83743-4878-45E2-A3B3-917797DEE629}.Release|Any CPU.Build.0 = Release|Any CPU
		{76C83743-4878-45E2-A3B3-917797DEE629}.Release|x86.ActiveCfg = Release|Any CPU
		{76C83743-4878-45E2-A3B3-917797DEE629}.Release|x86.Build.0 = Release|Any CPU
		{6CA4151B-861A-473B-A840-E272B259F7FB}.Debug|Any CPU.ActiveCfg = Debug|Any CPU
		{6CA4151B-861A-473B-A840-E272B259F7FB}.Debug|Any CPU.Build.0 = Debug|Any CPU
		{6CA4151B-861A-473B-A840-E272B259F7FB}.Debug|x86.ActiveCfg = Debug|Any CPU
		{6CA4151B-861A-473B-A840-E272B259F7FB}.Debug|x86.Build.0 = Debug|Any CPU
		{6CA4151B-861A-473B-A840-E272B259F7FB}.Release|Any CPU.ActiveCfg = Release|Any CPU
		{6CA4151B-861A-473B-A840-E272B259F7FB}.Release|Any CPU.Build.0 = Release|Any CPU
		{6CA4151B-861A-473B-A840-E272B259F7FB}.Release|x86.ActiveCfg = Release|Any CPU
		{6CA4151B-861A-473B-A840-E272B259F7FB}.Release|x86.Build.0 = Release|Any CPU
		{A89BEEC8-F8D4-482B-A811-D264CADCCADB}.Debug|Any CPU.ActiveCfg = Debug|Any CPU
		{A89BEEC8-F8D4-482B-A811-D264CADCCADB}.Debug|Any CPU.Build.0 = Debug|Any CPU
		{A89BEEC8-F8D4-482B-A811-D264CADCCADB}.Debug|x86.ActiveCfg = Debug|Any CPU
		{A89BEEC8-F8D4-482B-A811-D264CADCCADB}.Debug|x86.Build.0 = Debug|Any CPU
		{A89BEEC8-F8D4-482B-A811-D264CADCCADB}.Release|Any CPU.ActiveCfg = Release|Any CPU
		{A89BEEC8-F8D4-482B-A811-D264CADCCADB}.Release|Any CPU.Build.0 = Release|Any CPU
		{A89BEEC8-F8D4-482B-A811-D264CADCCADB}.Release|x86.ActiveCfg = Release|Any CPU
		{A89BEEC8-F8D4-482B-A811-D264CADCCADB}.Release|x86.Build.0 = Release|Any CPU
		{918B1B86-E4F2-4C8D-9E71-4BD054656AAC}.Debug|Any CPU.ActiveCfg = Debug|Any CPU
		{918B1B86-E4F2-4C8D-9E71-4BD054656AAC}.Debug|Any CPU.Build.0 = Debug|Any CPU
		{918B1B86-E4F2-4C8D-9E71-4BD054656AAC}.Debug|x86.ActiveCfg = Debug|Any CPU
		{918B1B86-E4F2-4C8D-9E71-4BD054656AAC}.Debug|x86.Build.0 = Debug|Any CPU
		{918B1B86-E4F2-4C8D-9E71-4BD054656AAC}.Release|Any CPU.ActiveCfg = Release|Any CPU
		{918B1B86-E4F2-4C8D-9E71-4BD054656AAC}.Release|Any CPU.Build.0 = Release|Any CPU
		{918B1B86-E4F2-4C8D-9E71-4BD054656AAC}.Release|x86.ActiveCfg = Release|Any CPU
		{918B1B86-E4F2-4C8D-9E71-4BD054656AAC}.Release|x86.Build.0 = Release|Any CPU
		{BA54F7F6-25B6-47D2-92F2-2C9665B97470}.Debug|Any CPU.ActiveCfg = Debug|Any CPU
		{BA54F7F6-25B6-47D2-92F2-2C9665B97470}.Debug|Any CPU.Build.0 = Debug|Any CPU
		{BA54F7F6-25B6-47D2-92F2-2C9665B97470}.Debug|x86.ActiveCfg = Debug|Any CPU
		{BA54F7F6-25B6-47D2-92F2-2C9665B97470}.Debug|x86.Build.0 = Debug|Any CPU
		{BA54F7F6-25B6-47D2-92F2-2C9665B97470}.Release|Any CPU.ActiveCfg = Release|Any CPU
		{BA54F7F6-25B6-47D2-92F2-2C9665B97470}.Release|Any CPU.Build.0 = Release|Any CPU
		{BA54F7F6-25B6-47D2-92F2-2C9665B97470}.Release|x86.ActiveCfg = Release|Any CPU
		{BA54F7F6-25B6-47D2-92F2-2C9665B97470}.Release|x86.Build.0 = Release|Any CPU
		{8A08E9E7-1A0C-4670-B8E1-F922E2852E47}.Debug|Any CPU.ActiveCfg = Debug|Any CPU
		{8A08E9E7-1A0C-4670-B8E1-F922E2852E47}.Debug|Any CPU.Build.0 = Debug|Any CPU
		{8A08E9E7-1A0C-4670-B8E1-F922E2852E47}.Debug|x86.ActiveCfg = Debug|Any CPU
		{8A08E9E7-1A0C-4670-B8E1-F922E2852E47}.Debug|x86.Build.0 = Debug|Any CPU
		{8A08E9E7-1A0C-4670-B8E1-F922E2852E47}.Release|Any CPU.ActiveCfg = Release|Any CPU
		{8A08E9E7-1A0C-4670-B8E1-F922E2852E47}.Release|Any CPU.Build.0 = Release|Any CPU
		{8A08E9E7-1A0C-4670-B8E1-F922E2852E47}.Release|x86.ActiveCfg = Release|Any CPU
		{8A08E9E7-1A0C-4670-B8E1-F922E2852E47}.Release|x86.Build.0 = Release|Any CPU
		{D1069589-CFAB-46EE-B319-2D9A1F2F972D}.Debug|Any CPU.ActiveCfg = Debug|Any CPU
		{D1069589-CFAB-46EE-B319-2D9A1F2F972D}.Debug|Any CPU.Build.0 = Debug|Any CPU
		{D1069589-CFAB-46EE-B319-2D9A1F2F972D}.Debug|x86.ActiveCfg = Debug|Any CPU
		{D1069589-CFAB-46EE-B319-2D9A1F2F972D}.Debug|x86.Build.0 = Debug|Any CPU
		{D1069589-CFAB-46EE-B319-2D9A1F2F972D}.Release|Any CPU.ActiveCfg = Release|Any CPU
		{D1069589-CFAB-46EE-B319-2D9A1F2F972D}.Release|Any CPU.Build.0 = Release|Any CPU
		{D1069589-CFAB-46EE-B319-2D9A1F2F972D}.Release|x86.ActiveCfg = Release|Any CPU
		{D1069589-CFAB-46EE-B319-2D9A1F2F972D}.Release|x86.Build.0 = Release|Any CPU
		{55D244A6-CC97-40E9-9810-99EDC84D8737}.Debug|Any CPU.ActiveCfg = Debug|Any CPU
		{55D244A6-CC97-40E9-9810-99EDC84D8737}.Debug|Any CPU.Build.0 = Debug|Any CPU
		{55D244A6-CC97-40E9-9810-99EDC84D8737}.Debug|x86.ActiveCfg = Debug|Any CPU
		{55D244A6-CC97-40E9-9810-99EDC84D8737}.Debug|x86.Build.0 = Debug|Any CPU
		{55D244A6-CC97-40E9-9810-99EDC84D8737}.Release|Any CPU.ActiveCfg = Release|Any CPU
		{55D244A6-CC97-40E9-9810-99EDC84D8737}.Release|Any CPU.Build.0 = Release|Any CPU
		{55D244A6-CC97-40E9-9810-99EDC84D8737}.Release|x86.ActiveCfg = Release|Any CPU
		{55D244A6-CC97-40E9-9810-99EDC84D8737}.Release|x86.Build.0 = Release|Any CPU
		{2D41EDE2-8C79-4E88-BD53-9F4491D25445}.Debug|Any CPU.ActiveCfg = Debug|Any CPU
		{2D41EDE2-8C79-4E88-BD53-9F4491D25445}.Debug|Any CPU.Build.0 = Debug|Any CPU
		{2D41EDE2-8C79-4E88-BD53-9F4491D25445}.Debug|x86.ActiveCfg = Debug|Any CPU
		{2D41EDE2-8C79-4E88-BD53-9F4491D25445}.Debug|x86.Build.0 = Debug|Any CPU
		{2D41EDE2-8C79-4E88-BD53-9F4491D25445}.Release|Any CPU.ActiveCfg = Release|Any CPU
		{2D41EDE2-8C79-4E88-BD53-9F4491D25445}.Release|Any CPU.Build.0 = Release|Any CPU
		{2D41EDE2-8C79-4E88-BD53-9F4491D25445}.Release|x86.ActiveCfg = Release|Any CPU
		{2D41EDE2-8C79-4E88-BD53-9F4491D25445}.Release|x86.Build.0 = Release|Any CPU
		{5FFB0DDA-D7C4-4271-8B2E-D8CAA201E591}.Debug|Any CPU.ActiveCfg = Debug|Any CPU
		{5FFB0DDA-D7C4-4271-8B2E-D8CAA201E591}.Debug|Any CPU.Build.0 = Debug|Any CPU
		{5FFB0DDA-D7C4-4271-8B2E-D8CAA201E591}.Debug|x86.ActiveCfg = Debug|Any CPU
		{5FFB0DDA-D7C4-4271-8B2E-D8CAA201E591}.Debug|x86.Build.0 = Debug|Any CPU
		{5FFB0DDA-D7C4-4271-8B2E-D8CAA201E591}.Release|Any CPU.ActiveCfg = Release|Any CPU
		{5FFB0DDA-D7C4-4271-8B2E-D8CAA201E591}.Release|Any CPU.Build.0 = Release|Any CPU
		{5FFB0DDA-D7C4-4271-8B2E-D8CAA201E591}.Release|x86.ActiveCfg = Release|Any CPU
		{5FFB0DDA-D7C4-4271-8B2E-D8CAA201E591}.Release|x86.Build.0 = Release|Any CPU
		{E92F3EE5-E2E2-40DF-88EF-98E221EE73A1}.Debug|Any CPU.ActiveCfg = Debug|Any CPU
		{E92F3EE5-E2E2-40DF-88EF-98E221EE73A1}.Debug|Any CPU.Build.0 = Debug|Any CPU
		{E92F3EE5-E2E2-40DF-88EF-98E221EE73A1}.Debug|x86.ActiveCfg = Debug|Any CPU
		{E92F3EE5-E2E2-40DF-88EF-98E221EE73A1}.Debug|x86.Build.0 = Debug|Any CPU
		{E92F3EE5-E2E2-40DF-88EF-98E221EE73A1}.Release|Any CPU.ActiveCfg = Release|Any CPU
		{E92F3EE5-E2E2-40DF-88EF-98E221EE73A1}.Release|Any CPU.Build.0 = Release|Any CPU
		{E92F3EE5-E2E2-40DF-88EF-98E221EE73A1}.Release|x86.ActiveCfg = Release|Any CPU
		{E92F3EE5-E2E2-40DF-88EF-98E221EE73A1}.Release|x86.Build.0 = Release|Any CPU
		{DC7DD191-C8E0-4F73-8226-BAD8B7E4D647}.Debug|Any CPU.ActiveCfg = Debug|Any CPU
		{DC7DD191-C8E0-4F73-8226-BAD8B7E4D647}.Debug|Any CPU.Build.0 = Debug|Any CPU
		{DC7DD191-C8E0-4F73-8226-BAD8B7E4D647}.Debug|x86.ActiveCfg = Debug|Any CPU
		{DC7DD191-C8E0-4F73-8226-BAD8B7E4D647}.Debug|x86.Build.0 = Debug|Any CPU
		{DC7DD191-C8E0-4F73-8226-BAD8B7E4D647}.Release|Any CPU.ActiveCfg = Release|Any CPU
		{DC7DD191-C8E0-4F73-8226-BAD8B7E4D647}.Release|Any CPU.Build.0 = Release|Any CPU
		{DC7DD191-C8E0-4F73-8226-BAD8B7E4D647}.Release|x86.ActiveCfg = Release|Any CPU
		{DC7DD191-C8E0-4F73-8226-BAD8B7E4D647}.Release|x86.Build.0 = Release|Any CPU
		{3FADB583-9B2A-4FCF-9C18-D8AECF19A5DA}.Debug|Any CPU.ActiveCfg = Debug|Any CPU
		{3FADB583-9B2A-4FCF-9C18-D8AECF19A5DA}.Debug|Any CPU.Build.0 = Debug|Any CPU
		{3FADB583-9B2A-4FCF-9C18-D8AECF19A5DA}.Debug|x86.ActiveCfg = Debug|Any CPU
		{3FADB583-9B2A-4FCF-9C18-D8AECF19A5DA}.Debug|x86.Build.0 = Debug|Any CPU
		{3FADB583-9B2A-4FCF-9C18-D8AECF19A5DA}.Release|Any CPU.ActiveCfg = Release|Any CPU
		{3FADB583-9B2A-4FCF-9C18-D8AECF19A5DA}.Release|Any CPU.Build.0 = Release|Any CPU
		{3FADB583-9B2A-4FCF-9C18-D8AECF19A5DA}.Release|x86.ActiveCfg = Release|Any CPU
		{3FADB583-9B2A-4FCF-9C18-D8AECF19A5DA}.Release|x86.Build.0 = Release|Any CPU
		{140BFEC0-51C9-42F8-B4B1-8EBEE12A55AE}.Debug|Any CPU.ActiveCfg = Debug|Any CPU
		{140BFEC0-51C9-42F8-B4B1-8EBEE12A55AE}.Debug|Any CPU.Build.0 = Debug|Any CPU
		{140BFEC0-51C9-42F8-B4B1-8EBEE12A55AE}.Debug|x86.ActiveCfg = Debug|Any CPU
		{140BFEC0-51C9-42F8-B4B1-8EBEE12A55AE}.Debug|x86.Build.0 = Debug|Any CPU
		{140BFEC0-51C9-42F8-B4B1-8EBEE12A55AE}.Release|Any CPU.ActiveCfg = Release|Any CPU
		{140BFEC0-51C9-42F8-B4B1-8EBEE12A55AE}.Release|Any CPU.Build.0 = Release|Any CPU
		{140BFEC0-51C9-42F8-B4B1-8EBEE12A55AE}.Release|x86.ActiveCfg = Release|Any CPU
		{140BFEC0-51C9-42F8-B4B1-8EBEE12A55AE}.Release|x86.Build.0 = Release|Any CPU
		{4B61FBBE-8171-464A-8F12-49FADE8473B8}.Debug|Any CPU.ActiveCfg = Debug|Any CPU
		{4B61FBBE-8171-464A-8F12-49FADE8473B8}.Debug|Any CPU.Build.0 = Debug|Any CPU
		{4B61FBBE-8171-464A-8F12-49FADE8473B8}.Debug|x86.ActiveCfg = Debug|Any CPU
		{4B61FBBE-8171-464A-8F12-49FADE8473B8}.Debug|x86.Build.0 = Debug|Any CPU
		{4B61FBBE-8171-464A-8F12-49FADE8473B8}.Release|Any CPU.ActiveCfg = Release|Any CPU
		{4B61FBBE-8171-464A-8F12-49FADE8473B8}.Release|Any CPU.Build.0 = Release|Any CPU
		{4B61FBBE-8171-464A-8F12-49FADE8473B8}.Release|x86.ActiveCfg = Release|Any CPU
		{4B61FBBE-8171-464A-8F12-49FADE8473B8}.Release|x86.Build.0 = Release|Any CPU
		{EE646E46-CA6D-49EE-81D8-8D9899F611EF}.Debug|Any CPU.ActiveCfg = Debug|Any CPU
		{EE646E46-CA6D-49EE-81D8-8D9899F611EF}.Debug|Any CPU.Build.0 = Debug|Any CPU
		{EE646E46-CA6D-49EE-81D8-8D9899F611EF}.Debug|x86.ActiveCfg = Debug|Any CPU
		{EE646E46-CA6D-49EE-81D8-8D9899F611EF}.Debug|x86.Build.0 = Debug|Any CPU
		{EE646E46-CA6D-49EE-81D8-8D9899F611EF}.Release|Any CPU.ActiveCfg = Release|Any CPU
		{EE646E46-CA6D-49EE-81D8-8D9899F611EF}.Release|Any CPU.Build.0 = Release|Any CPU
		{EE646E46-CA6D-49EE-81D8-8D9899F611EF}.Release|x86.ActiveCfg = Release|Any CPU
		{EE646E46-CA6D-49EE-81D8-8D9899F611EF}.Release|x86.Build.0 = Release|Any CPU
		{8B697367-9AC9-4D54-B21C-0F209091AE3F}.Debug|Any CPU.ActiveCfg = Debug|Any CPU
		{8B697367-9AC9-4D54-B21C-0F209091AE3F}.Debug|Any CPU.Build.0 = Debug|Any CPU
		{8B697367-9AC9-4D54-B21C-0F209091AE3F}.Debug|x86.ActiveCfg = Debug|Any CPU
		{8B697367-9AC9-4D54-B21C-0F209091AE3F}.Debug|x86.Build.0 = Debug|Any CPU
		{8B697367-9AC9-4D54-B21C-0F209091AE3F}.Release|Any CPU.ActiveCfg = Release|Any CPU
		{8B697367-9AC9-4D54-B21C-0F209091AE3F}.Release|Any CPU.Build.0 = Release|Any CPU
		{8B697367-9AC9-4D54-B21C-0F209091AE3F}.Release|x86.ActiveCfg = Release|Any CPU
		{8B697367-9AC9-4D54-B21C-0F209091AE3F}.Release|x86.Build.0 = Release|Any CPU
		{9BA790AC-C1CD-416B-96F3-F15F5E991391}.Debug|Any CPU.ActiveCfg = Debug|Any CPU
		{9BA790AC-C1CD-416B-96F3-F15F5E991391}.Debug|Any CPU.Build.0 = Debug|Any CPU
		{9BA790AC-C1CD-416B-96F3-F15F5E991391}.Debug|x86.ActiveCfg = Debug|Any CPU
		{9BA790AC-C1CD-416B-96F3-F15F5E991391}.Debug|x86.Build.0 = Debug|Any CPU
		{9BA790AC-C1CD-416B-96F3-F15F5E991391}.Release|Any CPU.ActiveCfg = Release|Any CPU
		{9BA790AC-C1CD-416B-96F3-F15F5E991391}.Release|Any CPU.Build.0 = Release|Any CPU
		{9BA790AC-C1CD-416B-96F3-F15F5E991391}.Release|x86.ActiveCfg = Release|Any CPU
		{9BA790AC-C1CD-416B-96F3-F15F5E991391}.Release|x86.Build.0 = Release|Any CPU
		{9B656F53-A05A-481A-9380-0E7FEFE3CABA}.Debug|Any CPU.ActiveCfg = Debug|Any CPU
		{9B656F53-A05A-481A-9380-0E7FEFE3CABA}.Debug|Any CPU.Build.0 = Debug|Any CPU
		{9B656F53-A05A-481A-9380-0E7FEFE3CABA}.Debug|x86.ActiveCfg = Debug|Any CPU
		{9B656F53-A05A-481A-9380-0E7FEFE3CABA}.Debug|x86.Build.0 = Debug|Any CPU
		{9B656F53-A05A-481A-9380-0E7FEFE3CABA}.Release|Any CPU.ActiveCfg = Release|Any CPU
		{9B656F53-A05A-481A-9380-0E7FEFE3CABA}.Release|Any CPU.Build.0 = Release|Any CPU
		{9B656F53-A05A-481A-9380-0E7FEFE3CABA}.Release|x86.ActiveCfg = Release|Any CPU
		{9B656F53-A05A-481A-9380-0E7FEFE3CABA}.Release|x86.Build.0 = Release|Any CPU
		{42F93390-C9C3-4C64-AB4A-3B0ECA3E3BF9}.Debug|Any CPU.ActiveCfg = Debug|Any CPU
		{42F93390-C9C3-4C64-AB4A-3B0ECA3E3BF9}.Debug|Any CPU.Build.0 = Debug|Any CPU
		{42F93390-C9C3-4C64-AB4A-3B0ECA3E3BF9}.Debug|x86.ActiveCfg = Debug|Any CPU
		{42F93390-C9C3-4C64-AB4A-3B0ECA3E3BF9}.Debug|x86.Build.0 = Debug|Any CPU
		{42F93390-C9C3-4C64-AB4A-3B0ECA3E3BF9}.Release|Any CPU.ActiveCfg = Release|Any CPU
		{42F93390-C9C3-4C64-AB4A-3B0ECA3E3BF9}.Release|Any CPU.Build.0 = Release|Any CPU
		{42F93390-C9C3-4C64-AB4A-3B0ECA3E3BF9}.Release|x86.ActiveCfg = Release|Any CPU
		{42F93390-C9C3-4C64-AB4A-3B0ECA3E3BF9}.Release|x86.Build.0 = Release|Any CPU
		{A62365D2-A823-4286-94C0-EDDC2704E75C}.Debug|Any CPU.ActiveCfg = Debug|Any CPU
		{A62365D2-A823-4286-94C0-EDDC2704E75C}.Debug|Any CPU.Build.0 = Debug|Any CPU
		{A62365D2-A823-4286-94C0-EDDC2704E75C}.Debug|x86.ActiveCfg = Debug|Any CPU
		{A62365D2-A823-4286-94C0-EDDC2704E75C}.Debug|x86.Build.0 = Debug|Any CPU
		{A62365D2-A823-4286-94C0-EDDC2704E75C}.Release|Any CPU.ActiveCfg = Release|Any CPU
		{A62365D2-A823-4286-94C0-EDDC2704E75C}.Release|Any CPU.Build.0 = Release|Any CPU
		{A62365D2-A823-4286-94C0-EDDC2704E75C}.Release|x86.ActiveCfg = Release|Any CPU
		{A62365D2-A823-4286-94C0-EDDC2704E75C}.Release|x86.Build.0 = Release|Any CPU
		{7F716F98-4626-4F90-B109-64C715C244F8}.Debug|Any CPU.ActiveCfg = Debug|Any CPU
		{7F716F98-4626-4F90-B109-64C715C244F8}.Debug|Any CPU.Build.0 = Debug|Any CPU
		{7F716F98-4626-4F90-B109-64C715C244F8}.Debug|x86.ActiveCfg = Debug|Any CPU
		{7F716F98-4626-4F90-B109-64C715C244F8}.Debug|x86.Build.0 = Debug|Any CPU
		{7F716F98-4626-4F90-B109-64C715C244F8}.Release|Any CPU.ActiveCfg = Release|Any CPU
		{7F716F98-4626-4F90-B109-64C715C244F8}.Release|Any CPU.Build.0 = Release|Any CPU
		{7F716F98-4626-4F90-B109-64C715C244F8}.Release|x86.ActiveCfg = Release|Any CPU
		{7F716F98-4626-4F90-B109-64C715C244F8}.Release|x86.Build.0 = Release|Any CPU
		{C00A2E93-08E2-4030-905E-2971D11E1436}.Debug|Any CPU.ActiveCfg = Debug|Any CPU
		{C00A2E93-08E2-4030-905E-2971D11E1436}.Debug|Any CPU.Build.0 = Debug|Any CPU
		{C00A2E93-08E2-4030-905E-2971D11E1436}.Debug|x86.ActiveCfg = Debug|Any CPU
		{C00A2E93-08E2-4030-905E-2971D11E1436}.Debug|x86.Build.0 = Debug|Any CPU
		{C00A2E93-08E2-4030-905E-2971D11E1436}.Release|Any CPU.ActiveCfg = Release|Any CPU
		{C00A2E93-08E2-4030-905E-2971D11E1436}.Release|Any CPU.Build.0 = Release|Any CPU
		{C00A2E93-08E2-4030-905E-2971D11E1436}.Release|x86.ActiveCfg = Release|Any CPU
		{C00A2E93-08E2-4030-905E-2971D11E1436}.Release|x86.Build.0 = Release|Any CPU
		{ADDE11ED-9158-4C9D-A05D-A9AC48DF39DE}.Debug|Any CPU.ActiveCfg = Debug|Any CPU
		{ADDE11ED-9158-4C9D-A05D-A9AC48DF39DE}.Debug|Any CPU.Build.0 = Debug|Any CPU
		{ADDE11ED-9158-4C9D-A05D-A9AC48DF39DE}.Debug|x86.ActiveCfg = Debug|Any CPU
		{ADDE11ED-9158-4C9D-A05D-A9AC48DF39DE}.Debug|x86.Build.0 = Debug|Any CPU
		{ADDE11ED-9158-4C9D-A05D-A9AC48DF39DE}.Release|Any CPU.ActiveCfg = Release|Any CPU
		{ADDE11ED-9158-4C9D-A05D-A9AC48DF39DE}.Release|Any CPU.Build.0 = Release|Any CPU
		{ADDE11ED-9158-4C9D-A05D-A9AC48DF39DE}.Release|x86.ActiveCfg = Release|Any CPU
		{ADDE11ED-9158-4C9D-A05D-A9AC48DF39DE}.Release|x86.Build.0 = Release|Any CPU
		{5CCB39EC-E1B6-44E4-8EE2-AEC1B84EF51D}.Debug|Any CPU.ActiveCfg = Debug|Any CPU
		{5CCB39EC-E1B6-44E4-8EE2-AEC1B84EF51D}.Debug|Any CPU.Build.0 = Debug|Any CPU
		{5CCB39EC-E1B6-44E4-8EE2-AEC1B84EF51D}.Debug|x86.ActiveCfg = Debug|Any CPU
		{5CCB39EC-E1B6-44E4-8EE2-AEC1B84EF51D}.Debug|x86.Build.0 = Debug|Any CPU
		{5CCB39EC-E1B6-44E4-8EE2-AEC1B84EF51D}.Release|Any CPU.ActiveCfg = Release|Any CPU
		{5CCB39EC-E1B6-44E4-8EE2-AEC1B84EF51D}.Release|Any CPU.Build.0 = Release|Any CPU
		{5CCB39EC-E1B6-44E4-8EE2-AEC1B84EF51D}.Release|x86.ActiveCfg = Release|Any CPU
		{5CCB39EC-E1B6-44E4-8EE2-AEC1B84EF51D}.Release|x86.Build.0 = Release|Any CPU
		{5E4F5EE2-7488-4324-8A89-C6500EBB7152}.Debug|Any CPU.ActiveCfg = Debug|Any CPU
		{5E4F5EE2-7488-4324-8A89-C6500EBB7152}.Debug|Any CPU.Build.0 = Debug|Any CPU
		{5E4F5EE2-7488-4324-8A89-C6500EBB7152}.Debug|x86.ActiveCfg = Debug|Any CPU
		{5E4F5EE2-7488-4324-8A89-C6500EBB7152}.Debug|x86.Build.0 = Debug|Any CPU
		{5E4F5EE2-7488-4324-8A89-C6500EBB7152}.Release|Any CPU.ActiveCfg = Release|Any CPU
		{5E4F5EE2-7488-4324-8A89-C6500EBB7152}.Release|Any CPU.Build.0 = Release|Any CPU
		{5E4F5EE2-7488-4324-8A89-C6500EBB7152}.Release|x86.ActiveCfg = Release|Any CPU
		{5E4F5EE2-7488-4324-8A89-C6500EBB7152}.Release|x86.Build.0 = Release|Any CPU
		{6D4EE3A2-F48A-4751-9CC6-F57D85D8E93F}.Debug|Any CPU.ActiveCfg = Debug|Any CPU
		{6D4EE3A2-F48A-4751-9CC6-F57D85D8E93F}.Debug|Any CPU.Build.0 = Debug|Any CPU
		{6D4EE3A2-F48A-4751-9CC6-F57D85D8E93F}.Debug|x86.ActiveCfg = Debug|Any CPU
		{6D4EE3A2-F48A-4751-9CC6-F57D85D8E93F}.Debug|x86.Build.0 = Debug|Any CPU
		{6D4EE3A2-F48A-4751-9CC6-F57D85D8E93F}.Release|Any CPU.ActiveCfg = Release|Any CPU
		{6D4EE3A2-F48A-4751-9CC6-F57D85D8E93F}.Release|Any CPU.Build.0 = Release|Any CPU
		{6D4EE3A2-F48A-4751-9CC6-F57D85D8E93F}.Release|x86.ActiveCfg = Release|Any CPU
		{6D4EE3A2-F48A-4751-9CC6-F57D85D8E93F}.Release|x86.Build.0 = Release|Any CPU
		{96496433-AA3E-441D-804F-C001C20C6915}.Debug|Any CPU.ActiveCfg = Debug|Any CPU
		{96496433-AA3E-441D-804F-C001C20C6915}.Debug|Any CPU.Build.0 = Debug|Any CPU
		{96496433-AA3E-441D-804F-C001C20C6915}.Debug|x86.ActiveCfg = Debug|Any CPU
		{96496433-AA3E-441D-804F-C001C20C6915}.Debug|x86.Build.0 = Debug|Any CPU
		{96496433-AA3E-441D-804F-C001C20C6915}.Release|Any CPU.ActiveCfg = Release|Any CPU
		{96496433-AA3E-441D-804F-C001C20C6915}.Release|Any CPU.Build.0 = Release|Any CPU
		{96496433-AA3E-441D-804F-C001C20C6915}.Release|x86.ActiveCfg = Release|Any CPU
		{96496433-AA3E-441D-804F-C001C20C6915}.Release|x86.Build.0 = Release|Any CPU
		{111C34FF-CA11-435D-8952-237A9F43C771}.Debug|Any CPU.ActiveCfg = Debug|Any CPU
		{111C34FF-CA11-435D-8952-237A9F43C771}.Debug|Any CPU.Build.0 = Debug|Any CPU
		{111C34FF-CA11-435D-8952-237A9F43C771}.Debug|x86.ActiveCfg = Debug|Any CPU
		{111C34FF-CA11-435D-8952-237A9F43C771}.Debug|x86.Build.0 = Debug|Any CPU
		{111C34FF-CA11-435D-8952-237A9F43C771}.Release|Any CPU.ActiveCfg = Release|Any CPU
		{111C34FF-CA11-435D-8952-237A9F43C771}.Release|Any CPU.Build.0 = Release|Any CPU
		{111C34FF-CA11-435D-8952-237A9F43C771}.Release|x86.ActiveCfg = Release|Any CPU
		{111C34FF-CA11-435D-8952-237A9F43C771}.Release|x86.Build.0 = Release|Any CPU
		{5476A051-1F04-47DE-917D-8636C2A2C8FE}.Debug|Any CPU.ActiveCfg = Debug|Any CPU
		{5476A051-1F04-47DE-917D-8636C2A2C8FE}.Debug|Any CPU.Build.0 = Debug|Any CPU
		{5476A051-1F04-47DE-917D-8636C2A2C8FE}.Debug|x86.ActiveCfg = Debug|Any CPU
		{5476A051-1F04-47DE-917D-8636C2A2C8FE}.Debug|x86.Build.0 = Debug|Any CPU
		{5476A051-1F04-47DE-917D-8636C2A2C8FE}.Release|Any CPU.ActiveCfg = Release|Any CPU
		{5476A051-1F04-47DE-917D-8636C2A2C8FE}.Release|Any CPU.Build.0 = Release|Any CPU
		{5476A051-1F04-47DE-917D-8636C2A2C8FE}.Release|x86.ActiveCfg = Release|Any CPU
		{5476A051-1F04-47DE-917D-8636C2A2C8FE}.Release|x86.Build.0 = Release|Any CPU
		{796CFDA3-89E5-4282-9B2B-071766E9B538}.Debug|Any CPU.ActiveCfg = Debug|Any CPU
		{796CFDA3-89E5-4282-9B2B-071766E9B538}.Debug|Any CPU.Build.0 = Debug|Any CPU
		{796CFDA3-89E5-4282-9B2B-071766E9B538}.Debug|x86.ActiveCfg = Debug|Any CPU
		{796CFDA3-89E5-4282-9B2B-071766E9B538}.Debug|x86.Build.0 = Debug|Any CPU
		{796CFDA3-89E5-4282-9B2B-071766E9B538}.Release|Any CPU.ActiveCfg = Release|Any CPU
		{796CFDA3-89E5-4282-9B2B-071766E9B538}.Release|Any CPU.Build.0 = Release|Any CPU
		{796CFDA3-89E5-4282-9B2B-071766E9B538}.Release|x86.ActiveCfg = Release|Any CPU
		{796CFDA3-89E5-4282-9B2B-071766E9B538}.Release|x86.Build.0 = Release|Any CPU
		{527DC1DE-DA48-4FA0-85D9-C23E4DB49208}.Debug|Any CPU.ActiveCfg = Debug|Any CPU
		{527DC1DE-DA48-4FA0-85D9-C23E4DB49208}.Debug|Any CPU.Build.0 = Debug|Any CPU
		{527DC1DE-DA48-4FA0-85D9-C23E4DB49208}.Debug|x86.ActiveCfg = Debug|Any CPU
		{527DC1DE-DA48-4FA0-85D9-C23E4DB49208}.Debug|x86.Build.0 = Debug|Any CPU
		{527DC1DE-DA48-4FA0-85D9-C23E4DB49208}.Release|Any CPU.ActiveCfg = Release|Any CPU
		{527DC1DE-DA48-4FA0-85D9-C23E4DB49208}.Release|Any CPU.Build.0 = Release|Any CPU
		{527DC1DE-DA48-4FA0-85D9-C23E4DB49208}.Release|x86.ActiveCfg = Release|Any CPU
		{527DC1DE-DA48-4FA0-85D9-C23E4DB49208}.Release|x86.Build.0 = Release|Any CPU
		{72F5A241-905E-4F42-84C8-11B03B4B4A2F}.Debug|Any CPU.ActiveCfg = Debug|Any CPU
		{72F5A241-905E-4F42-84C8-11B03B4B4A2F}.Debug|Any CPU.Build.0 = Debug|Any CPU
		{72F5A241-905E-4F42-84C8-11B03B4B4A2F}.Debug|x86.ActiveCfg = Debug|Any CPU
		{72F5A241-905E-4F42-84C8-11B03B4B4A2F}.Debug|x86.Build.0 = Debug|Any CPU
		{72F5A241-905E-4F42-84C8-11B03B4B4A2F}.Release|Any CPU.ActiveCfg = Release|Any CPU
		{72F5A241-905E-4F42-84C8-11B03B4B4A2F}.Release|Any CPU.Build.0 = Release|Any CPU
		{72F5A241-905E-4F42-84C8-11B03B4B4A2F}.Release|x86.ActiveCfg = Release|Any CPU
		{72F5A241-905E-4F42-84C8-11B03B4B4A2F}.Release|x86.Build.0 = Release|Any CPU
		{2FF73FC4-8D89-49C3-AC9B-D98EB1779F25}.Debug|Any CPU.ActiveCfg = Debug|Any CPU
		{2FF73FC4-8D89-49C3-AC9B-D98EB1779F25}.Debug|Any CPU.Build.0 = Debug|Any CPU
		{2FF73FC4-8D89-49C3-AC9B-D98EB1779F25}.Debug|x86.ActiveCfg = Debug|Any CPU
		{2FF73FC4-8D89-49C3-AC9B-D98EB1779F25}.Debug|x86.Build.0 = Debug|Any CPU
		{2FF73FC4-8D89-49C3-AC9B-D98EB1779F25}.Release|Any CPU.ActiveCfg = Release|Any CPU
		{2FF73FC4-8D89-49C3-AC9B-D98EB1779F25}.Release|Any CPU.Build.0 = Release|Any CPU
		{2FF73FC4-8D89-49C3-AC9B-D98EB1779F25}.Release|x86.ActiveCfg = Release|Any CPU
		{2FF73FC4-8D89-49C3-AC9B-D98EB1779F25}.Release|x86.Build.0 = Release|Any CPU
		{C2B90F73-BFE6-4750-A5ED-A38483B921A8}.Debug|Any CPU.ActiveCfg = Debug|Any CPU
		{C2B90F73-BFE6-4750-A5ED-A38483B921A8}.Debug|Any CPU.Build.0 = Debug|Any CPU
		{C2B90F73-BFE6-4750-A5ED-A38483B921A8}.Debug|x86.ActiveCfg = Debug|Any CPU
		{C2B90F73-BFE6-4750-A5ED-A38483B921A8}.Debug|x86.Build.0 = Debug|Any CPU
		{C2B90F73-BFE6-4750-A5ED-A38483B921A8}.Release|Any CPU.ActiveCfg = Release|Any CPU
		{C2B90F73-BFE6-4750-A5ED-A38483B921A8}.Release|Any CPU.Build.0 = Release|Any CPU
		{C2B90F73-BFE6-4750-A5ED-A38483B921A8}.Release|x86.ActiveCfg = Release|Any CPU
		{C2B90F73-BFE6-4750-A5ED-A38483B921A8}.Release|x86.Build.0 = Release|Any CPU
		{63D73415-4DC8-493C-A357-FF62F6107A08}.Debug|Any CPU.ActiveCfg = Debug|Any CPU
		{63D73415-4DC8-493C-A357-FF62F6107A08}.Debug|Any CPU.Build.0 = Debug|Any CPU
		{63D73415-4DC8-493C-A357-FF62F6107A08}.Debug|x86.ActiveCfg = Debug|Any CPU
		{63D73415-4DC8-493C-A357-FF62F6107A08}.Debug|x86.Build.0 = Debug|Any CPU
		{63D73415-4DC8-493C-A357-FF62F6107A08}.Release|Any CPU.ActiveCfg = Release|Any CPU
		{63D73415-4DC8-493C-A357-FF62F6107A08}.Release|Any CPU.Build.0 = Release|Any CPU
		{63D73415-4DC8-493C-A357-FF62F6107A08}.Release|x86.ActiveCfg = Release|Any CPU
		{63D73415-4DC8-493C-A357-FF62F6107A08}.Release|x86.Build.0 = Release|Any CPU
		{CD4914A5-CCEB-4F21-B779-E4A1D11409D7}.Debug|Any CPU.ActiveCfg = Debug|Any CPU
		{CD4914A5-CCEB-4F21-B779-E4A1D11409D7}.Debug|Any CPU.Build.0 = Debug|Any CPU
		{CD4914A5-CCEB-4F21-B779-E4A1D11409D7}.Debug|x86.ActiveCfg = Debug|Any CPU
		{CD4914A5-CCEB-4F21-B779-E4A1D11409D7}.Debug|x86.Build.0 = Debug|Any CPU
		{CD4914A5-CCEB-4F21-B779-E4A1D11409D7}.Release|Any CPU.ActiveCfg = Release|Any CPU
		{CD4914A5-CCEB-4F21-B779-E4A1D11409D7}.Release|Any CPU.Build.0 = Release|Any CPU
		{CD4914A5-CCEB-4F21-B779-E4A1D11409D7}.Release|x86.ActiveCfg = Release|Any CPU
		{CD4914A5-CCEB-4F21-B779-E4A1D11409D7}.Release|x86.Build.0 = Release|Any CPU
		{CA166936-38B9-4573-8512-CD51863CC3DB}.Debug|Any CPU.ActiveCfg = Debug|Any CPU
		{CA166936-38B9-4573-8512-CD51863CC3DB}.Debug|Any CPU.Build.0 = Debug|Any CPU
		{CA166936-38B9-4573-8512-CD51863CC3DB}.Debug|x86.ActiveCfg = Debug|Any CPU
		{CA166936-38B9-4573-8512-CD51863CC3DB}.Debug|x86.Build.0 = Debug|Any CPU
		{CA166936-38B9-4573-8512-CD51863CC3DB}.Release|Any CPU.ActiveCfg = Release|Any CPU
		{CA166936-38B9-4573-8512-CD51863CC3DB}.Release|Any CPU.Build.0 = Release|Any CPU
		{CA166936-38B9-4573-8512-CD51863CC3DB}.Release|x86.ActiveCfg = Release|Any CPU
		{CA166936-38B9-4573-8512-CD51863CC3DB}.Release|x86.Build.0 = Release|Any CPU
		{5BD769DA-11C9-45A1-93AF-DD2052BC831F}.Debug|Any CPU.ActiveCfg = Debug|Any CPU
		{5BD769DA-11C9-45A1-93AF-DD2052BC831F}.Debug|Any CPU.Build.0 = Debug|Any CPU
		{5BD769DA-11C9-45A1-93AF-DD2052BC831F}.Debug|x86.ActiveCfg = Debug|Any CPU
		{5BD769DA-11C9-45A1-93AF-DD2052BC831F}.Debug|x86.Build.0 = Debug|Any CPU
		{5BD769DA-11C9-45A1-93AF-DD2052BC831F}.Release|Any CPU.ActiveCfg = Release|Any CPU
		{5BD769DA-11C9-45A1-93AF-DD2052BC831F}.Release|Any CPU.Build.0 = Release|Any CPU
		{5BD769DA-11C9-45A1-93AF-DD2052BC831F}.Release|x86.ActiveCfg = Release|Any CPU
		{5BD769DA-11C9-45A1-93AF-DD2052BC831F}.Release|x86.Build.0 = Release|Any CPU
		{729F32EB-C41B-4AAD-83A5-5B5837D70551}.Debug|Any CPU.ActiveCfg = Debug|Any CPU
		{729F32EB-C41B-4AAD-83A5-5B5837D70551}.Debug|Any CPU.Build.0 = Debug|Any CPU
		{729F32EB-C41B-4AAD-83A5-5B5837D70551}.Debug|x86.ActiveCfg = Debug|Any CPU
		{729F32EB-C41B-4AAD-83A5-5B5837D70551}.Debug|x86.Build.0 = Debug|Any CPU
		{729F32EB-C41B-4AAD-83A5-5B5837D70551}.Release|Any CPU.ActiveCfg = Release|Any CPU
		{729F32EB-C41B-4AAD-83A5-5B5837D70551}.Release|Any CPU.Build.0 = Release|Any CPU
		{729F32EB-C41B-4AAD-83A5-5B5837D70551}.Release|x86.ActiveCfg = Release|Any CPU
		{729F32EB-C41B-4AAD-83A5-5B5837D70551}.Release|x86.Build.0 = Release|Any CPU
		{EE064EED-F041-4527-890B-CF90AA37825D}.Debug|Any CPU.ActiveCfg = Debug|Any CPU
		{EE064EED-F041-4527-890B-CF90AA37825D}.Debug|Any CPU.Build.0 = Debug|Any CPU
		{EE064EED-F041-4527-890B-CF90AA37825D}.Debug|x86.ActiveCfg = Debug|Any CPU
		{EE064EED-F041-4527-890B-CF90AA37825D}.Debug|x86.Build.0 = Debug|Any CPU
		{EE064EED-F041-4527-890B-CF90AA37825D}.Release|Any CPU.ActiveCfg = Release|Any CPU
		{EE064EED-F041-4527-890B-CF90AA37825D}.Release|Any CPU.Build.0 = Release|Any CPU
		{EE064EED-F041-4527-890B-CF90AA37825D}.Release|x86.ActiveCfg = Release|Any CPU
		{EE064EED-F041-4527-890B-CF90AA37825D}.Release|x86.Build.0 = Release|Any CPU
		{E3B74EE0-6B4C-4FD2-ADBD-9D7BAE19A2E7}.Debug|Any CPU.ActiveCfg = Debug|Any CPU
		{E3B74EE0-6B4C-4FD2-ADBD-9D7BAE19A2E7}.Debug|Any CPU.Build.0 = Debug|Any CPU
		{E3B74EE0-6B4C-4FD2-ADBD-9D7BAE19A2E7}.Debug|x86.ActiveCfg = Debug|Any CPU
		{E3B74EE0-6B4C-4FD2-ADBD-9D7BAE19A2E7}.Debug|x86.Build.0 = Debug|Any CPU
		{E3B74EE0-6B4C-4FD2-ADBD-9D7BAE19A2E7}.Release|Any CPU.ActiveCfg = Release|Any CPU
		{E3B74EE0-6B4C-4FD2-ADBD-9D7BAE19A2E7}.Release|Any CPU.Build.0 = Release|Any CPU
		{E3B74EE0-6B4C-4FD2-ADBD-9D7BAE19A2E7}.Release|x86.ActiveCfg = Release|Any CPU
		{E3B74EE0-6B4C-4FD2-ADBD-9D7BAE19A2E7}.Release|x86.Build.0 = Release|Any CPU
		{D315944D-20F7-4FA6-830B-CCF12D95AD8C}.Debug|Any CPU.ActiveCfg = Debug|Any CPU
		{D315944D-20F7-4FA6-830B-CCF12D95AD8C}.Debug|Any CPU.Build.0 = Debug|Any CPU
		{D315944D-20F7-4FA6-830B-CCF12D95AD8C}.Debug|x86.ActiveCfg = Debug|Any CPU
		{D315944D-20F7-4FA6-830B-CCF12D95AD8C}.Debug|x86.Build.0 = Debug|Any CPU
		{D315944D-20F7-4FA6-830B-CCF12D95AD8C}.Release|Any CPU.ActiveCfg = Release|Any CPU
		{D315944D-20F7-4FA6-830B-CCF12D95AD8C}.Release|Any CPU.Build.0 = Release|Any CPU
		{D315944D-20F7-4FA6-830B-CCF12D95AD8C}.Release|x86.ActiveCfg = Release|Any CPU
		{D315944D-20F7-4FA6-830B-CCF12D95AD8C}.Release|x86.Build.0 = Release|Any CPU
		{6C5FD07E-429E-42AC-A04C-FC7EDD4D9579}.Debug|Any CPU.ActiveCfg = Debug|Any CPU
		{6C5FD07E-429E-42AC-A04C-FC7EDD4D9579}.Debug|Any CPU.Build.0 = Debug|Any CPU
		{6C5FD07E-429E-42AC-A04C-FC7EDD4D9579}.Debug|x86.ActiveCfg = Debug|Any CPU
		{6C5FD07E-429E-42AC-A04C-FC7EDD4D9579}.Debug|x86.Build.0 = Debug|Any CPU
		{6C5FD07E-429E-42AC-A04C-FC7EDD4D9579}.Release|Any CPU.ActiveCfg = Release|Any CPU
		{6C5FD07E-429E-42AC-A04C-FC7EDD4D9579}.Release|Any CPU.Build.0 = Release|Any CPU
		{6C5FD07E-429E-42AC-A04C-FC7EDD4D9579}.Release|x86.ActiveCfg = Release|Any CPU
		{6C5FD07E-429E-42AC-A04C-FC7EDD4D9579}.Release|x86.Build.0 = Release|Any CPU
		{58E6E1B9-C4C2-4A28-ACAB-F8ED80720128}.Debug|Any CPU.ActiveCfg = Debug|Any CPU
		{58E6E1B9-C4C2-4A28-ACAB-F8ED80720128}.Debug|Any CPU.Build.0 = Debug|Any CPU
		{58E6E1B9-C4C2-4A28-ACAB-F8ED80720128}.Debug|x86.ActiveCfg = Debug|Any CPU
		{58E6E1B9-C4C2-4A28-ACAB-F8ED80720128}.Debug|x86.Build.0 = Debug|Any CPU
		{58E6E1B9-C4C2-4A28-ACAB-F8ED80720128}.Release|Any CPU.ActiveCfg = Release|Any CPU
		{58E6E1B9-C4C2-4A28-ACAB-F8ED80720128}.Release|Any CPU.Build.0 = Release|Any CPU
		{58E6E1B9-C4C2-4A28-ACAB-F8ED80720128}.Release|x86.ActiveCfg = Release|Any CPU
		{58E6E1B9-C4C2-4A28-ACAB-F8ED80720128}.Release|x86.Build.0 = Release|Any CPU
		{510EFFE9-CED7-43FA-889E-B2CE763D585C}.Debug|Any CPU.ActiveCfg = Debug|Any CPU
		{510EFFE9-CED7-43FA-889E-B2CE763D585C}.Debug|Any CPU.Build.0 = Debug|Any CPU
		{510EFFE9-CED7-43FA-889E-B2CE763D585C}.Debug|x86.ActiveCfg = Debug|Any CPU
		{510EFFE9-CED7-43FA-889E-B2CE763D585C}.Debug|x86.Build.0 = Debug|Any CPU
		{510EFFE9-CED7-43FA-889E-B2CE763D585C}.Release|Any CPU.ActiveCfg = Release|Any CPU
		{510EFFE9-CED7-43FA-889E-B2CE763D585C}.Release|Any CPU.Build.0 = Release|Any CPU
		{510EFFE9-CED7-43FA-889E-B2CE763D585C}.Release|x86.ActiveCfg = Release|Any CPU
		{510EFFE9-CED7-43FA-889E-B2CE763D585C}.Release|x86.Build.0 = Release|Any CPU
		{446F4916-40D0-45F8-B1FD-3F84A632C193}.Debug|Any CPU.ActiveCfg = Debug|Any CPU
		{446F4916-40D0-45F8-B1FD-3F84A632C193}.Debug|Any CPU.Build.0 = Debug|Any CPU
		{446F4916-40D0-45F8-B1FD-3F84A632C193}.Debug|x86.ActiveCfg = Debug|Any CPU
		{446F4916-40D0-45F8-B1FD-3F84A632C193}.Debug|x86.Build.0 = Debug|Any CPU
		{446F4916-40D0-45F8-B1FD-3F84A632C193}.Release|Any CPU.ActiveCfg = Release|Any CPU
		{446F4916-40D0-45F8-B1FD-3F84A632C193}.Release|Any CPU.Build.0 = Release|Any CPU
		{446F4916-40D0-45F8-B1FD-3F84A632C193}.Release|x86.ActiveCfg = Release|Any CPU
		{446F4916-40D0-45F8-B1FD-3F84A632C193}.Release|x86.Build.0 = Release|Any CPU
	EndGlobalSection
	GlobalSection(SolutionProperties) = preSolution
		HideSolutionNode = FALSE
	EndGlobalSection
EndGlobal
